// !$*UTF8*$!
{
	archiveVersion = 1;
	classes = {
	};
	objectVersion = 46;
	objects = {

/* Begin PBXBuildFile section */
		CBE4BD3E1D9126D2001F36A4 /* main.m in Sources */ = {isa = PBXBuildFile; fileRef = CBE4BD3D1D9126D2001F36A4 /* main.m */; };
		CBE4BD411D9126D2001F36A4 /* AppDelegate.m in Sources */ = {isa = PBXBuildFile; fileRef = CBE4BD401D9126D2001F36A4 /* AppDelegate.m */; };
		CBE4BD441D9126D2001F36A4 /* ViewController.m in Sources */ = {isa = PBXBuildFile; fileRef = CBE4BD431D9126D2001F36A4 /* ViewController.m */; };
		CBE4BD471D9126D2001F36A4 /* Main.storyboard in Resources */ = {isa = PBXBuildFile; fileRef = CBE4BD451D9126D2001F36A4 /* Main.storyboard */; };
		CBE4BD491D9126D2001F36A4 /* Assets.xcassets in Resources */ = {isa = PBXBuildFile; fileRef = CBE4BD481D9126D2001F36A4 /* Assets.xcassets */; };
		CBE4BD4C1D9126D2001F36A4 /* LaunchScreen.storyboard in Resources */ = {isa = PBXBuildFile; fileRef = CBE4BD4A1D9126D2001F36A4 /* LaunchScreen.storyboard */; };
/* End PBXBuildFile section */

/* Begin PBXFileReference section */
		CBE4BD391D9126D2001F36A4 /* Day00.app */ = {isa = PBXFileReference; explicitFileType = wrapper.application; includeInIndex = 0; path = Day00.app; sourceTree = BUILT_PRODUCTS_DIR; };
		CBE4BD3D1D9126D2001F36A4 /* main.m */ = {isa = PBXFileReference; lastKnownFileType = sourcecode.c.objc; path = main.m; sourceTree = "<group>"; };
		CBE4BD3F1D9126D2001F36A4 /* AppDelegate.h */ = {isa = PBXFileReference; lastKnownFileType = sourcecode.c.h; path = AppDelegate.h; sourceTree = "<group>"; };
		CBE4BD401D9126D2001F36A4 /* AppDelegate.m */ = {isa = PBXFileReference; lastKnownFileType = sourcecode.c.objc; path = AppDelegate.m; sourceTree = "<group>"; };
		CBE4BD421D9126D2001F36A4 /* ViewController.h */ = {isa = PBXFileReference; lastKnownFileType = sourcecode.c.h; path = ViewController.h; sourceTree = "<group>"; };
		CBE4BD431D9126D2001F36A4 /* ViewController.m */ = {isa = PBXFileReference; lastKnownFileType = sourcecode.c.objc; path = ViewController.m; sourceTree = "<group>"; };
		CBE4BD461D9126D2001F36A4 /* Base */ = {isa = PBXFileReference; lastKnownFileType = file.storyboard; name = Base; path = Base.lproj/Main.storyboard; sourceTree = "<group>"; };
		CBE4BD481D9126D2001F36A4 /* Assets.xcassets */ = {isa = PBXFileReference; lastKnownFileType = folder.assetcatalog; path = Assets.xcassets; sourceTree = "<group>"; };
		CBE4BD4B1D9126D2001F36A4 /* Base */ = {isa = PBXFileReference; lastKnownFileType = file.storyboard; name = Base; path = Base.lproj/LaunchScreen.storyboard; sourceTree = "<group>"; };
		CBE4BD4D1D9126D2001F36A4 /* Info.plist */ = {isa = PBXFileReference; lastKnownFileType = text.plist.xml; path = Info.plist; sourceTree = "<group>"; };
/* End PBXFileReference section */

/* Begin PBXFrameworksBuildPhase section */
		CBE4BD361D9126D2001F36A4 /* Frameworks */ = {
			isa = PBXFrameworksBuildPhase;
			buildActionMask = 2147483647;
			files = (
			);
			runOnlyForDeploymentPostprocessing = 0;
		};
/* End PBXFrameworksBuildPhase section */

/* Begin PBXGroup section */
		CBE4BD301D9126D2001F36A4 = {
			isa = PBXGroup;
			children = (
				CBE4BD3B1D9126D2001F36A4 /* Day00 */,
				CBE4BD3A1D9126D2001F36A4 /* Products */,
			);
			sourceTree = "<group>";
		};
		CBE4BD3A1D9126D2001F36A4 /* Products */ = {
			isa = PBXGroup;
			children = (
				CBE4BD391D9126D2001F36A4 /* Day00.app */,
			);
			name = Products;
			sourceTree = "<group>";
		};
		CBE4BD3B1D9126D2001F36A4 /* Day00 */ = {
			isa = PBXGroup;
			children = (
				CBE4BD3F1D9126D2001F36A4 /* AppDelegate.h */,
				CBE4BD401D9126D2001F36A4 /* AppDelegate.m */,
				CBE4BD421D9126D2001F36A4 /* ViewController.h */,
				CBE4BD431D9126D2001F36A4 /* ViewController.m */,
				CBE4BD451D9126D2001F36A4 /* Main.storyboard */,
				CBE4BD481D9126D2001F36A4 /* Assets.xcassets */,
				CBE4BD4A1D9126D2001F36A4 /* LaunchScreen.storyboard */,
				CBE4BD4D1D9126D2001F36A4 /* Info.plist */,
				CBE4BD3C1D9126D2001F36A4 /* Supporting Files */,
			);
			path = Day00;
			sourceTree = "<group>";
		};
		CBE4BD3C1D9126D2001F36A4 /* Supporting Files */ = {
			isa = PBXGroup;
			children = (
				CBE4BD3D1D9126D2001F36A4 /* main.m */,
			);
			name = "Supporting Files";
			sourceTree = "<group>";
		};
/* End PBXGroup section */

/* Begin PBXNativeTarget section */
		CBE4BD381D9126D2001F36A4 /* Day00 */ = {
			isa = PBXNativeTarget;
			buildConfigurationList = CBE4BD501D9126D2001F36A4 /* Build configuration list for PBXNativeTarget "Day00" */;
			buildPhases = (
				CBE4BD351D9126D2001F36A4 /* Sources */,
				CBE4BD361D9126D2001F36A4 /* Frameworks */,
				CBE4BD371D9126D2001F36A4 /* Resources */,
			);
			buildRules = (
			);
			dependencies = (
			);
			name = Day00;
			productName = Day00;
			productReference = CBE4BD391D9126D2001F36A4 /* Day00.app */;
			productType = "com.apple.product-type.application";
		};
/* End PBXNativeTarget section */

/* Begin PBXProject section */
		CBE4BD311D9126D2001F36A4 /* Project object */ = {
			isa = PBXProject;
			attributes = {
				LastUpgradeCheck = 0710;
				ORGANIZATIONNAME = Tarena;
				TargetAttributes = {
					CBE4BD381D9126D2001F36A4 = {
						CreatedOnToolsVersion = 7.1;
					};
				};
			};
			buildConfigurationList = CBE4BD341D9126D2001F36A4 /* Build configuration list for PBXProject "Day00" */;
			compatibilityVersion = "Xcode 3.2";
			developmentRegion = English;
			hasScannedForEncodings = 0;
			knownRegions = (
				en,
				Base,
			);
			mainGroup = CBE4BD301D9126D2001F36A4;
			productRefGroup = CBE4BD3A1D9126D2001F36A4 /* Products */;
			projectDirPath = "";
			projectRoot = "";
			targets = (
				CBE4BD381D9126D2001F36A4 /* Day00 */,
			);
		};
/* End PBXProject section */

/* Begin PBXResourcesBuildPhase section */
		CBE4BD371D9126D2001F36A4 /* Resources */ = {
			isa = PBXResourcesBuildPhase;
			buildActionMask = 2147483647;
			files = (
				CBE4BD4C1D9126D2001F36A4 /* LaunchScreen.storyboard in Resources */,
				CBE4BD491D9126D2001F36A4 /* Assets.xcassets in Resources */,
				CBE4BD471D9126D2001F36A4 /* Main.storyboard in Resources */,
			);
			runOnlyForDeploymentPostprocessing = 0;
		};
/* End PBXResourcesBuildPhase section */

/* Begin PBXSourcesBuildPhase section */
		CBE4BD351D9126D2001F36A4 /* Sources */ = {
			isa = PBXSourcesBuildPhase;
			buildActionMask = 2147483647;
			files = (
				CBE4BD441D9126D2001F36A4 /* ViewController.m in Sources */,
				CBE4BD411D9126D2001F36A4 /* AppDelegate.m in Sources */,
				CBE4BD3E1D9126D2001F36A4 /* main.m in Sources */,
			);
			runOnlyForDeploymentPostprocessing = 0;
		};
/* End PBXSourcesBuildPhase section */

/* Begin PBXVariantGroup section */
		CBE4BD451D9126D2001F36A4 /* Main.storyboard */ = {
			isa = PBXVariantGroup;
			children = (
				CBE4BD461D9126D2001F36A4 /* Base */,
			);
			name = Main.storyboard;
			sourceTree = "<group>";
		};
		CBE4BD4A1D9126D2001F36A4 /* LaunchScreen.storyboard */ = {
			isa = PBXVariantGroup;
			children = (
				CBE4BD4B1D9126D2001F36A4 /* Base */,
			);
			name = LaunchScreen.storyboard;
			sourceTree = "<group>";
		};
/* End PBXVariantGroup section */

/* Begin XCBuildConfiguration section */
		CBE4BD4E1D9126D2001F36A4 /* Debug */ = {
			isa = XCBuildConfiguration;
			buildSettings = {
				ALWAYS_SEARCH_USER_PATHS = NO;
				CLANG_CXX_LANGUAGE_STANDARD = "gnu++0x";
				CLANG_CXX_LIBRARY = "libc++";
				CLANG_ENABLE_MODULES = YES;
				CLANG_ENABLE_OBJC_ARC = YES;
				CLANG_WARN_BOOL_CONVERSION = YES;
				CLANG_WARN_CONSTANT_CONVERSION = YES;
				CLANG_WARN_DIRECT_OBJC_ISA_USAGE = YES_ERROR;
				CLANG_WARN_EMPTY_BODY = YES;
				CLANG_WARN_ENUM_CONVERSION = YES;
				CLANG_WARN_INT_CONVERSION = YES;
				CLANG_WARN_OBJC_ROOT_CLASS = YES_ERROR;
				CLANG_WARN_UNREACHABLE_CODE = YES;
				CLANG_WARN__DUPLICATE_METHOD_MATCH = YES;
				"CODE_SIGN_IDENTITY[sdk=iphoneos*]" = "iPhone Developer";
				COPY_PHASE_STRIP = NO;
				DEBUG_INFORMATION_FORMAT = dwarf;
				ENABLE_STRICT_OBJC_MSGSEND = YES;
				ENABLE_TESTABILITY = YES;
				GCC_C_LANGUAGE_STANDARD = gnu99;
				GCC_DYNAMIC_NO_PIC = NO;
				GCC_NO_COMMON_BLOCKS = YES;
				GCC_OPTIMIZATION_LEVEL = 0;
				GCC_PREPROCESSOR_DEFINITIONS = (
					"DEBUG=1",
					"$(inherited)",
				);
				GCC_WARN_64_TO_32_BIT_CONVERSION = YES;
				GCC_WARN_ABOUT_RETURN_TYPE = YES_ERROR;
				GCC_WARN_UNDECLARED_SELECTOR = YES;
				GCC_WARN_UNINITIALIZED_AUTOS = YES_AGGRESSIVE;
				GCC_WARN_UNUSED_FUNCTION = YES;
				GCC_WARN_UNUSED_VARIABLE = YES;
				IPHONEOS_DEPLOYMENT_TARGET = 9.1;
				MTL_ENABLE_DEBUG_INFO = YES;
				ONLY_ACTIVE_ARCH = YES;
				SDKROOT = iphoneos;
			};
			name = Debug;
		};
		CBE4BD4F1D9126D2001F36A4 /* Release */ = {
			isa = XCBuildConfiguration;
			buildSettings = {
				ALWAYS_SEARCH_USER_PATHS = NO;
				CLANG_CXX_LANGUAGE_STANDARD = "gnu++0x";
				CLANG_CXX_LIBRARY = "libc++";
				CLANG_ENABLE_MODULES = YES;
				CLANG_ENABLE_OBJC_ARC = YES;
				CLANG_WARN_BOOL_CONVERSION = YES;
				CLANG_WARN_CONSTANT_CONVERSION = YES;
				CLANG_WARN_DIRECT_OBJC_ISA_USAGE = YES_ERROR;
				CLANG_WARN_EMPTY_BODY = YES;
				CLANG_WARN_ENUM_CONVERSION = YES;
				CLANG_WARN_INT_CONVERSION = YES;
				CLANG_WARN_OBJC_ROOT_CLASS = YES_ERROR;
				CLANG_WARN_UNREACHABLE_CODE = YES;
				CLANG_WARN__DUPLICATE_METHOD_MATCH = YES;
				"CODE_SIGN_IDENTITY[sdk=iphoneos*]" = "iPhone Developer";
				COPY_PHASE_STRIP = NO;
				DEBUG_INFORMATION_FORMAT = "dwarf-with-dsym";
				ENABLE_NS_ASSERTIONS = NO;
				ENABLE_STRICT_OBJC_MSGSEND = YES;
				GCC_C_LANGUAGE_STANDARD = gnu99;
				GCC_NO_COMMON_BLOCKS = YES;
				GCC_WARN_64_TO_32_BIT_CONVERSION = YES;
				GCC_WARN_ABOUT_RETURN_TYPE = YES_ERROR;
				GCC_WARN_UNDECLARED_SELECTOR = YES;
				GCC_WARN_UNINITIALIZED_AUTOS = YES_AGGRESSIVE;
				GCC_WARN_UNUSED_FUNCTION = YES;
				GCC_WARN_UNUSED_VARIABLE = YES;
				IPHONEOS_DEPLOYMENT_TARGET = 9.1;
				MTL_ENABLE_DEBUG_INFO = NO;
				SDKROOT = iphoneos;
				VALIDATE_PRODUCT = YES;
			};
			name = Release;
		};
		CBE4BD511D9126D2001F36A4 /* Debug */ = {
			isa = XCBuildConfiguration;
			buildSettings = {
				ASSETCATALOG_COMPILER_APPICON_NAME = AppIcon;
				INFOPLIST_FILE = Day00/Info.plist;
				LD_RUNPATH_SEARCH_PATHS = "$(inherited) @executable_path/Frameworks";
				PRODUCT_BUNDLE_IDENTIFIER = cn.tedu.Day00;
				PRODUCT_NAME = "$(TARGET_NAME)";
			};
			name = Debug;
		};
		CBE4BD521D9126D2001F36A4 /* Release */ = {
			isa = XCBuildConfiguration;
			buildSettings = {
				ASSETCATALOG_COMPILER_APPICON_NAME = AppIcon;
				INFOPLIST_FILE = Day00/Info.plist;
				LD_RUNPATH_SEARCH_PATHS = "$(inherited) @executable_path/Frameworks";
				PRODUCT_BUNDLE_IDENTIFIER = cn.tedu.Day00;
				PRODUCT_NAME = "$(TARGET_NAME)";
			};
			name = Release;
		};
/* End XCBuildConfiguration section */

/* Begin XCConfigurationList section */
		CBE4BD341D9126D2001F36A4 /* Build configuration list for PBXProject "Day00" */ = {
			isa = XCConfigurationList;
			buildConfigurations = (
				CBE4BD4E1D9126D2001F36A4 /* Debug */,
				CBE4BD4F1D9126D2001F36A4 /* Release */,
			);
			defaultConfigurationIsVisible = 0;
			defaultConfigurationName = Release;
		};
		CBE4BD501D9126D2001F36A4 /* Build configuration list for PBXNativeTarget "Day00" */ = {
			isa = XCConfigurationList;
			buildConfigurations = (
				CBE4BD511D9126D2001F36A4 /* Debug */,
				CBE4BD521D9126D2001F36A4 /* Release */,
			);
			defaultConfigurationIsVisible = 0;
		};
/* End XCConfigurationList section */
	};
	rootObject = CBE4BD311D9126D2001F36A4 /* Project object */;
}
